// !$*UTF8*$!
{
	archiveVersion = 1;
	classes = {
	};
	objectVersion = 48;
	objects = {

/* Begin PBXBuildFile section */
		3D871EEE2042271100D9A95E /* LandMainViewController.swift in Sources */ = {isa = PBXBuildFile; fileRef = 3D871EED2042271100D9A95E /* LandMainViewController.swift */; };
		3D871EF12042297E00D9A95E /* CustomStockCollectionViewCell.swift in Sources */ = {isa = PBXBuildFile; fileRef = 3D871EEF2042297E00D9A95E /* CustomStockCollectionViewCell.swift */; };
		3D871EF22042297E00D9A95E /* CustomStockCollectionViewCell.xib in Resources */ = {isa = PBXBuildFile; fileRef = 3D871EF02042297E00D9A95E /* CustomStockCollectionViewCell.xib */; };
		3D871EF520422AC200D9A95E /* StockBlockCollectionViewCell.swift in Sources */ = {isa = PBXBuildFile; fileRef = 3D871EF320422AC200D9A95E /* StockBlockCollectionViewCell.swift */; };
		3D871EF620422AC200D9A95E /* StockBlockCollectionViewCell.xib in Resources */ = {isa = PBXBuildFile; fileRef = 3D871EF420422AC200D9A95E /* StockBlockCollectionViewCell.xib */; };
		83545787204168B800D50CC5 /* AppDelegate.swift in Sources */ = {isa = PBXBuildFile; fileRef = 83545786204168B800D50CC5 /* AppDelegate.swift */; };
		8354578C204168B800D50CC5 /* Main.storyboard in Resources */ = {isa = PBXBuildFile; fileRef = 8354578A204168B800D50CC5 /* Main.storyboard */; };
		8354578F204168B800D50CC5 /* ActualGraphView.xcdatamodeld in Sources */ = {isa = PBXBuildFile; fileRef = 8354578D204168B800D50CC5 /* ActualGraphView.xcdatamodeld */; };
		83545791204168B900D50CC5 /* Assets.xcassets in Resources */ = {isa = PBXBuildFile; fileRef = 83545790204168B900D50CC5 /* Assets.xcassets */; };
		83545794204168B900D50CC5 /* LaunchScreen.storyboard in Resources */ = {isa = PBXBuildFile; fileRef = 83545792204168B900D50CC5 /* LaunchScreen.storyboard */; };
		8354579C20416AE600D50CC5 /* ViewController.swift in Sources */ = {isa = PBXBuildFile; fileRef = 8354579B20416AE500D50CC5 /* ViewController.swift */; };
		B64188DEEE748A2E19F7B58D /* Pods_ActualGraphView.framework in Frameworks */ = {isa = PBXBuildFile; fileRef = ABE5BD4BA8CB2AC59C0C401E /* Pods_ActualGraphView.framework */; };
/* End PBXBuildFile section */

/* Begin PBXFileReference section */
		3D871EED2042271100D9A95E /* LandMainViewController.swift */ = {isa = PBXFileReference; lastKnownFileType = sourcecode.swift; path = LandMainViewController.swift; sourceTree = "<group>"; };
		3D871EEF2042297E00D9A95E /* CustomStockCollectionViewCell.swift */ = {isa = PBXFileReference; lastKnownFileType = sourcecode.swift; path = CustomStockCollectionViewCell.swift; sourceTree = "<group>"; };
		3D871EF02042297E00D9A95E /* CustomStockCollectionViewCell.xib */ = {isa = PBXFileReference; lastKnownFileType = file.xib; path = CustomStockCollectionViewCell.xib; sourceTree = "<group>"; };
		3D871EF320422AC200D9A95E /* StockBlockCollectionViewCell.swift */ = {isa = PBXFileReference; lastKnownFileType = sourcecode.swift; path = StockBlockCollectionViewCell.swift; sourceTree = "<group>"; };
		3D871EF420422AC200D9A95E /* StockBlockCollectionViewCell.xib */ = {isa = PBXFileReference; lastKnownFileType = file.xib; path = StockBlockCollectionViewCell.xib; sourceTree = "<group>"; };
		6958BB73CFF32FF56CF0F1DC /* Pods-ActualGraphView.debug.xcconfig */ = {isa = PBXFileReference; includeInIndex = 1; lastKnownFileType = text.xcconfig; name = "Pods-ActualGraphView.debug.xcconfig"; path = "Pods/Target Support Files/Pods-ActualGraphView/Pods-ActualGraphView.debug.xcconfig"; sourceTree = "<group>"; };
		83545783204168B800D50CC5 /* ActualGraphView.app */ = {isa = PBXFileReference; explicitFileType = wrapper.application; includeInIndex = 0; path = ActualGraphView.app; sourceTree = BUILT_PRODUCTS_DIR; };
		83545786204168B800D50CC5 /* AppDelegate.swift */ = {isa = PBXFileReference; lastKnownFileType = sourcecode.swift; path = AppDelegate.swift; sourceTree = "<group>"; };
		8354578B204168B800D50CC5 /* Base */ = {isa = PBXFileReference; lastKnownFileType = file.storyboard; name = Base; path = Base.lproj/Main.storyboard; sourceTree = "<group>"; };
		8354578E204168B800D50CC5 /* ActualGraphView.xcdatamodel */ = {isa = PBXFileReference; lastKnownFileType = wrapper.xcdatamodel; path = ActualGraphView.xcdatamodel; sourceTree = "<group>"; };
		83545790204168B900D50CC5 /* Assets.xcassets */ = {isa = PBXFileReference; lastKnownFileType = folder.assetcatalog; path = Assets.xcassets; sourceTree = "<group>"; };
		83545793204168B900D50CC5 /* Base */ = {isa = PBXFileReference; lastKnownFileType = file.storyboard; name = Base; path = Base.lproj/LaunchScreen.storyboard; sourceTree = "<group>"; };
		83545795204168B900D50CC5 /* Info.plist */ = {isa = PBXFileReference; lastKnownFileType = text.plist.xml; path = Info.plist; sourceTree = "<group>"; };
		8354579B20416AE500D50CC5 /* ViewController.swift */ = {isa = PBXFileReference; lastKnownFileType = sourcecode.swift; path = ViewController.swift; sourceTree = "<group>"; };
		ABE5BD4BA8CB2AC59C0C401E /* Pods_ActualGraphView.framework */ = {isa = PBXFileReference; explicitFileType = wrapper.framework; includeInIndex = 0; path = Pods_ActualGraphView.framework; sourceTree = BUILT_PRODUCTS_DIR; };
		B0468BE9708565406FD42362 /* Pods-ActualGraphView.release.xcconfig */ = {isa = PBXFileReference; includeInIndex = 1; lastKnownFileType = text.xcconfig; name = "Pods-ActualGraphView.release.xcconfig"; path = "Pods/Target Support Files/Pods-ActualGraphView/Pods-ActualGraphView.release.xcconfig"; sourceTree = "<group>"; };
/* End PBXFileReference section */

/* Begin PBXFrameworksBuildPhase section */
		83545780204168B800D50CC5 /* Frameworks */ = {
			isa = PBXFrameworksBuildPhase;
			buildActionMask = 2147483647;
			files = (
				B64188DEEE748A2E19F7B58D /* Pods_ActualGraphView.framework in Frameworks */,
			);
			runOnlyForDeploymentPostprocessing = 0;
		};
/* End PBXFrameworksBuildPhase section */

/* Begin PBXGroup section */
		725F3C602B1EA4C7440892EA /* Frameworks */ = {
			isa = PBXGroup;
			children = (
				ABE5BD4BA8CB2AC59C0C401E /* Pods_ActualGraphView.framework */,
			);
			name = Frameworks;
			sourceTree = "<group>";
		};
		8354577A204168B800D50CC5 = {
			isa = PBXGroup;
			children = (
				83545785204168B800D50CC5 /* ActualGraphView */,
				83545784204168B800D50CC5 /* Products */,
				DBCAB0A5E8344868EAA3F609 /* Pods */,
				725F3C602B1EA4C7440892EA /* Frameworks */,
			);
			sourceTree = "<group>";
		};
		83545784204168B800D50CC5 /* Products */ = {
			isa = PBXGroup;
			children = (
				83545783204168B800D50CC5 /* ActualGraphView.app */,
			);
			name = Products;
			sourceTree = "<group>";
		};
		83545785204168B800D50CC5 /* ActualGraphView */ = {
			isa = PBXGroup;
			children = (
				83545786204168B800D50CC5 /* AppDelegate.swift */,
				8354578A204168B800D50CC5 /* Main.storyboard */,
				8354579B20416AE500D50CC5 /* ViewController.swift */,
				3D871EEF2042297E00D9A95E /* CustomStockCollectionViewCell.swift */,
				3D871EF320422AC200D9A95E /* StockBlockCollectionViewCell.swift */,
				3D871EF420422AC200D9A95E /* StockBlockCollectionViewCell.xib */,
				3D871EF02042297E00D9A95E /* CustomStockCollectionViewCell.xib */,
				3D871EED2042271100D9A95E /* LandMainViewController.swift */,
				83545790204168B900D50CC5 /* Assets.xcassets */,
				83545792204168B900D50CC5 /* LaunchScreen.storyboard */,
				83545795204168B900D50CC5 /* Info.plist */,
				8354578D204168B800D50CC5 /* ActualGraphView.xcdatamodeld */,
			);
			path = ActualGraphView;
			sourceTree = "<group>";
		};
		DBCAB0A5E8344868EAA3F609 /* Pods */ = {
			isa = PBXGroup;
			children = (
				6958BB73CFF32FF56CF0F1DC /* Pods-ActualGraphView.debug.xcconfig */,
				B0468BE9708565406FD42362 /* Pods-ActualGraphView.release.xcconfig */,
			);
			name = Pods;
			sourceTree = "<group>";
		};
/* End PBXGroup section */

/* Begin PBXNativeTarget section */
		83545782204168B800D50CC5 /* ActualGraphView */ = {
			isa = PBXNativeTarget;
			buildConfigurationList = 83545798204168B900D50CC5 /* Build configuration list for PBXNativeTarget "ActualGraphView" */;
			buildPhases = (
				A3AAE1DE3A44BF3267D1105D /* [CP] Check Pods Manifest.lock */,
				8354577F204168B800D50CC5 /* Sources */,
				83545780204168B800D50CC5 /* Frameworks */,
				83545781204168B800D50CC5 /* Resources */,
				2E4554964FA816FC4D005834 /* [CP] Embed Pods Frameworks */,
				164E6FEE91EE9F4D517B0E94 /* [CP] Copy Pods Resources */,
			);
			buildRules = (
			);
			dependencies = (
			);
			name = ActualGraphView;
			productName = ActualGraphView;
			productReference = 83545783204168B800D50CC5 /* ActualGraphView.app */;
			productType = "com.apple.product-type.application";
		};
/* End PBXNativeTarget section */

/* Begin PBXProject section */
		8354577B204168B800D50CC5 /* Project object */ = {
			isa = PBXProject;
			attributes = {
				LastSwiftUpdateCheck = 0920;
				LastUpgradeCheck = 0920;
				ORGANIZATIONNAME = "Zukosky, Jonah";
				TargetAttributes = {
					83545782204168B800D50CC5 = {
						CreatedOnToolsVersion = 9.2;
						ProvisioningStyle = Automatic;
					};
				};
			};
			buildConfigurationList = 8354577E204168B800D50CC5 /* Build configuration list for PBXProject "ActualGraphView" */;
			compatibilityVersion = "Xcode 8.0";
			developmentRegion = en;
			hasScannedForEncodings = 0;
			knownRegions = (
				en,
				Base,
			);
			mainGroup = 8354577A204168B800D50CC5;
			productRefGroup = 83545784204168B800D50CC5 /* Products */;
			projectDirPath = "";
			projectRoot = "";
			targets = (
				83545782204168B800D50CC5 /* ActualGraphView */,
			);
		};
/* End PBXProject section */

/* Begin PBXResourcesBuildPhase section */
		83545781204168B800D50CC5 /* Resources */ = {
			isa = PBXResourcesBuildPhase;
			buildActionMask = 2147483647;
			files = (
				3D871EF22042297E00D9A95E /* CustomStockCollectionViewCell.xib in Resources */,
				3D871EF620422AC200D9A95E /* StockBlockCollectionViewCell.xib in Resources */,
				83545794204168B900D50CC5 /* LaunchScreen.storyboard in Resources */,
				83545791204168B900D50CC5 /* Assets.xcassets in Resources */,
				8354578C204168B800D50CC5 /* Main.storyboard in Resources */,
			);
			runOnlyForDeploymentPostprocessing = 0;
		};
/* End PBXResourcesBuildPhase section */

/* Begin PBXShellScriptBuildPhase section */
		164E6FEE91EE9F4D517B0E94 /* [CP] Copy Pods Resources */ = {
			isa = PBXShellScriptBuildPhase;
			buildActionMask = 2147483647;
			files = (
			);
			inputPaths = (
			);
			name = "[CP] Copy Pods Resources";
			outputPaths = (
			);
			runOnlyForDeploymentPostprocessing = 0;
			shellPath = /bin/sh;
			shellScript = "\"${SRCROOT}/Pods/Target Support Files/Pods-ActualGraphView/Pods-ActualGraphView-resources.sh\"\n";
			showEnvVarsInLog = 0;
		};
		2E4554964FA816FC4D005834 /* [CP] Embed Pods Frameworks */ = {
			isa = PBXShellScriptBuildPhase;
			buildActionMask = 2147483647;
			files = (
			);
			inputPaths = (
				"${SRCROOT}/Pods/Target Support Files/Pods-ActualGraphView/Pods-ActualGraphView-frameworks.sh",
				"${BUILT_PRODUCTS_DIR}/Alamofire/Alamofire.framework",
				"${BUILT_PRODUCTS_DIR}/AlamofireSwiftyJSON/AlamofireSwiftyJSON.framework",
				"${BUILT_PRODUCTS_DIR}/Charts/Charts.framework",
				"${BUILT_PRODUCTS_DIR}/SwiftyJSON/SwiftyJSON.framework",
			);
			name = "[CP] Embed Pods Frameworks";
			outputPaths = (
				"${TARGET_BUILD_DIR}/${FRAMEWORKS_FOLDER_PATH}/Alamofire.framework",
				"${TARGET_BUILD_DIR}/${FRAMEWORKS_FOLDER_PATH}/AlamofireSwiftyJSON.framework",
				"${TARGET_BUILD_DIR}/${FRAMEWORKS_FOLDER_PATH}/Charts.framework",
				"${TARGET_BUILD_DIR}/${FRAMEWORKS_FOLDER_PATH}/SwiftyJSON.framework",
			);
			runOnlyForDeploymentPostprocessing = 0;
			shellPath = /bin/sh;
			shellScript = "\"${SRCROOT}/Pods/Target Support Files/Pods-ActualGraphView/Pods-ActualGraphView-frameworks.sh\"\n";
			showEnvVarsInLog = 0;
		};
		A3AAE1DE3A44BF3267D1105D /* [CP] Check Pods Manifest.lock */ = {
			isa = PBXShellScriptBuildPhase;
			buildActionMask = 2147483647;
			files = (
			);
			inputPaths = (
				"${PODS_PODFILE_DIR_PATH}/Podfile.lock",
				"${PODS_ROOT}/Manifest.lock",
			);
			name = "[CP] Check Pods Manifest.lock";
			outputPaths = (
				"$(DERIVED_FILE_DIR)/Pods-ActualGraphView-checkManifestLockResult.txt",
			);
			runOnlyForDeploymentPostprocessing = 0;
			shellPath = /bin/sh;
			shellScript = "diff \"${PODS_PODFILE_DIR_PATH}/Podfile.lock\" \"${PODS_ROOT}/Manifest.lock\" > /dev/null\nif [ $? != 0 ] ; then\n    # print error to STDERR\n    echo \"error: The sandbox is not in sync with the Podfile.lock. Run 'pod install' or update your CocoaPods installation.\" >&2\n    exit 1\nfi\n# This output is used by Xcode 'outputs' to avoid re-running this script phase.\necho \"SUCCESS\" > \"${SCRIPT_OUTPUT_FILE_0}\"\n";
			showEnvVarsInLog = 0;
		};
/* End PBXShellScriptBuildPhase section */

/* Begin PBXSourcesBuildPhase section */
		8354577F204168B800D50CC5 /* Sources */ = {
			isa = PBXSourcesBuildPhase;
			buildActionMask = 2147483647;
			files = (
				3D871EF12042297E00D9A95E /* CustomStockCollectionViewCell.swift in Sources */,
				8354579C20416AE600D50CC5 /* ViewController.swift in Sources */,
				8354578F204168B800D50CC5 /* ActualGraphView.xcdatamodeld in Sources */,
				3D871EEE2042271100D9A95E /* LandMainViewController.swift in Sources */,
				83545787204168B800D50CC5 /* AppDelegate.swift in Sources */,
				3D871EF520422AC200D9A95E /* StockBlockCollectionViewCell.swift in Sources */,
			);
			runOnlyForDeploymentPostprocessing = 0;
		};
/* End PBXSourcesBuildPhase section */

/* Begin PBXVariantGroup section */
		8354578A204168B800D50CC5 /* Main.storyboard */ = {
			isa = PBXVariantGroup;
			children = (
				8354578B204168B800D50CC5 /* Base */,
			);
			name = Main.storyboard;
			sourceTree = "<group>";
		};
		83545792204168B900D50CC5 /* LaunchScreen.storyboard */ = {
			isa = PBXVariantGroup;
			children = (
				83545793204168B900D50CC5 /* Base */,
			);
			name = LaunchScreen.storyboard;
			sourceTree = "<group>";
		};
/* End PBXVariantGroup section */

/* Begin XCBuildConfiguration section */
		83545796204168B900D50CC5 /* Debug */ = {
			isa = XCBuildConfiguration;
			buildSettings = {
				ALWAYS_SEARCH_USER_PATHS = NO;
				CLANG_ANALYZER_NONNULL = YES;
				CLANG_ANALYZER_NUMBER_OBJECT_CONVERSION = YES_AGGRESSIVE;
				CLANG_CXX_LANGUAGE_STANDARD = "gnu++14";
				CLANG_CXX_LIBRARY = "libc++";
				CLANG_ENABLE_MODULES = YES;
				CLANG_ENABLE_OBJC_ARC = YES;
				CLANG_WARN_BLOCK_CAPTURE_AUTORELEASING = YES;
				CLANG_WARN_BOOL_CONVERSION = YES;
				CLANG_WARN_COMMA = YES;
				CLANG_WARN_CONSTANT_CONVERSION = YES;
				CLANG_WARN_DIRECT_OBJC_ISA_USAGE = YES_ERROR;
				CLANG_WARN_DOCUMENTATION_COMMENTS = YES;
				CLANG_WARN_EMPTY_BODY = YES;
				CLANG_WARN_ENUM_CONVERSION = YES;
				CLANG_WARN_INFINITE_RECURSION = YES;
				CLANG_WARN_INT_CONVERSION = YES;
				CLANG_WARN_NON_LITERAL_NULL_CONVERSION = YES;
				CLANG_WARN_OBJC_LITERAL_CONVERSION = YES;
				CLANG_WARN_OBJC_ROOT_CLASS = YES_ERROR;
				CLANG_WARN_RANGE_LOOP_ANALYSIS = YES;
				CLANG_WARN_STRICT_PROTOTYPES = YES;
				CLANG_WARN_SUSPICIOUS_MOVE = YES;
				CLANG_WARN_UNGUARDED_AVAILABILITY = YES_AGGRESSIVE;
				CLANG_WARN_UNREACHABLE_CODE = YES;
				CLANG_WARN__DUPLICATE_METHOD_MATCH = YES;
				CODE_SIGN_IDENTITY = "iPhone Developer";
				COPY_PHASE_STRIP = NO;
				DEBUG_INFORMATION_FORMAT = dwarf;
				ENABLE_STRICT_OBJC_MSGSEND = YES;
				ENABLE_TESTABILITY = YES;
				GCC_C_LANGUAGE_STANDARD = gnu11;
				GCC_DYNAMIC_NO_PIC = NO;
				GCC_NO_COMMON_BLOCKS = YES;
				GCC_OPTIMIZATION_LEVEL = 0;
				GCC_PREPROCESSOR_DEFINITIONS = (
					"DEBUG=1",
					"$(inherited)",
				);
				GCC_WARN_64_TO_32_BIT_CONVERSION = YES;
				GCC_WARN_ABOUT_RETURN_TYPE = YES_ERROR;
				GCC_WARN_UNDECLARED_SELECTOR = YES;
				GCC_WARN_UNINITIALIZED_AUTOS = YES_AGGRESSIVE;
				GCC_WARN_UNUSED_FUNCTION = YES;
				GCC_WARN_UNUSED_VARIABLE = YES;
				IPHONEOS_DEPLOYMENT_TARGET = 11.2;
				MTL_ENABLE_DEBUG_INFO = YES;
				ONLY_ACTIVE_ARCH = YES;
				SDKROOT = iphoneos;
				SWIFT_ACTIVE_COMPILATION_CONDITIONS = DEBUG;
				SWIFT_OPTIMIZATION_LEVEL = "-Onone";
			};
			name = Debug;
		};
		83545797204168B900D50CC5 /* Release */ = {
			isa = XCBuildConfiguration;
			buildSettings = {
				ALWAYS_SEARCH_USER_PATHS = NO;
				CLANG_ANALYZER_NONNULL = YES;
				CLANG_ANALYZER_NUMBER_OBJECT_CONVERSION = YES_AGGRESSIVE;
				CLANG_CXX_LANGUAGE_STANDARD = "gnu++14";
				CLANG_CXX_LIBRARY = "libc++";
				CLANG_ENABLE_MODULES = YES;
				CLANG_ENABLE_OBJC_ARC = YES;
				CLANG_WARN_BLOCK_CAPTURE_AUTORELEASING = YES;
				CLANG_WARN_BOOL_CONVERSION = YES;
				CLANG_WARN_COMMA = YES;
				CLANG_WARN_CONSTANT_CONVERSION = YES;
				CLANG_WARN_DIRECT_OBJC_ISA_USAGE = YES_ERROR;
				CLANG_WARN_DOCUMENTATION_COMMENTS = YES;
				CLANG_WARN_EMPTY_BODY = YES;
				CLANG_WARN_ENUM_CONVERSION = YES;
				CLANG_WARN_INFINITE_RECURSION = YES;
				CLANG_WARN_INT_CONVERSION = YES;
				CLANG_WARN_NON_LITERAL_NULL_CONVERSION = YES;
				CLANG_WARN_OBJC_LITERAL_CONVERSION = YES;
				CLANG_WARN_OBJC_ROOT_CLASS = YES_ERROR;
				CLANG_WARN_RANGE_LOOP_ANALYSIS = YES;
				CLANG_WARN_STRICT_PROTOTYPES = YES;
				CLANG_WARN_SUSPICIOUS_MOVE = YES;
				CLANG_WARN_UNGUARDED_AVAILABILITY = YES_AGGRESSIVE;
				CLANG_WARN_UNREACHABLE_CODE = YES;
				CLANG_WARN__DUPLICATE_METHOD_MATCH = YES;
				CODE_SIGN_IDENTITY = "iPhone Developer";
				COPY_PHASE_STRIP = NO;
				DEBUG_INFORMATION_FORMAT = "dwarf-with-dsym";
				ENABLE_NS_ASSERTIONS = NO;
				ENABLE_STRICT_OBJC_MSGSEND = YES;
				GCC_C_LANGUAGE_STANDARD = gnu11;
				GCC_NO_COMMON_BLOCKS = YES;
				GCC_WARN_64_TO_32_BIT_CONVERSION = YES;
				GCC_WARN_ABOUT_RETURN_TYPE = YES_ERROR;
				GCC_WARN_UNDECLARED_SELECTOR = YES;
				GCC_WARN_UNINITIALIZED_AUTOS = YES_AGGRESSIVE;
				GCC_WARN_UNUSED_FUNCTION = YES;
				GCC_WARN_UNUSED_VARIABLE = YES;
				IPHONEOS_DEPLOYMENT_TARGET = 11.2;
				MTL_ENABLE_DEBUG_INFO = NO;
				SDKROOT = iphoneos;
				SWIFT_OPTIMIZATION_LEVEL = "-Owholemodule";
				VALIDATE_PRODUCT = YES;
			};
			name = Release;
		};
		83545799204168B900D50CC5 /* Debug */ = {
			isa = XCBuildConfiguration;
			baseConfigurationReference = 6958BB73CFF32FF56CF0F1DC /* Pods-ActualGraphView.debug.xcconfig */;
			buildSettings = {
				ASSETCATALOG_COMPILER_APPICON_NAME = AppIcon;
				CODE_SIGN_STYLE = Automatic;
				INFOPLIST_FILE = ActualGraphView/Info.plist;
				LD_RUNPATH_SEARCH_PATHS = "$(inherited) @executable_path/Frameworks";
				PRODUCT_BUNDLE_IDENTIFIER = edu.missouri.ActualGraphView;
				PRODUCT_NAME = "$(TARGET_NAME)";
				SWIFT_VERSION = 4.0;
				TARGETED_DEVICE_FAMILY = "1,2";
			};
			name = Debug;
		};
		8354579A204168B900D50CC5 /* Release */ = {
			isa = XCBuildConfiguration;
			baseConfigurationReference = B0468BE9708565406FD42362 /* Pods-ActualGraphView.release.xcconfig */;
			buildSettings = {
				ASSETCATALOG_COMPILER_APPICON_NAME = AppIcon;
				CODE_SIGN_STYLE = Automatic;
				INFOPLIST_FILE = ActualGraphView/Info.plist;
				LD_RUNPATH_SEARCH_PATHS = "$(inherited) @executable_path/Frameworks";
				PRODUCT_BUNDLE_IDENTIFIER = edu.missouri.ActualGraphView;
				PRODUCT_NAME = "$(TARGET_NAME)";
				SWIFT_VERSION = 4.0;
				TARGETED_DEVICE_FAMILY = "1,2";
			};
			name = Release;
		};
/* End XCBuildConfiguration section */

/* Begin XCConfigurationList section */
		8354577E204168B800D50CC5 /* Build configuration list for PBXProject "ActualGraphView" */ = {
			isa = XCConfigurationList;
			buildConfigurations = (
				83545796204168B900D50CC5 /* Debug */,
				83545797204168B900D50CC5 /* Release */,
			);
			defaultConfigurationIsVisible = 0;
			defaultConfigurationName = Release;
		};
		83545798204168B900D50CC5 /* Build configuration list for PBXNativeTarget "ActualGraphView" */ = {
			isa = XCConfigurationList;
			buildConfigurations = (
				83545799204168B900D50CC5 /* Debug */,
				8354579A204168B900D50CC5 /* Release */,
			);
			defaultConfigurationIsVisible = 0;
			defaultConfigurationName = Release;
		};
/* End XCConfigurationList section */

/* Begin XCVersionGroup section */
		8354578D204168B800D50CC5 /* ActualGraphView.xcdatamodeld */ = {
			isa = XCVersionGroup;
			children = (
				8354578E204168B800D50CC5 /* ActualGraphView.xcdatamodel */,
			);
			currentVersion = 8354578E204168B800D50CC5 /* ActualGraphView.xcdatamodel */;
			path = ActualGraphView.xcdatamodeld;
			sourceTree = "<group>";
			versionGroupType = wrapper.xcdatamodel;
		};
/* End XCVersionGroup section */
	};
	rootObject = 8354577B204168B800D50CC5 /* Project object */;
}
